PODS:
  - Apollo (0.16.0):
    - Apollo/Core (= 0.16.0)
  - Apollo/Core (0.16.0)

DEPENDENCIES:
  - Apollo

SPEC REPOS:
  https://github.com/cocoapods/specs.git:
    - Apollo

SPEC CHECKSUMS:
  Apollo: ad9ce2008f88fce57c062aa4853364b7927355c8

PODFILE CHECKSUM: 422ae35eb01b93a3515430ecc80f215332c40b67

COCOAPODS: 1.7.5
