PODS:
  - Apollo (0.9.3):
    - Apollo/Core (= 0.9.3)
  - Apollo/Core (0.9.3)

DEPENDENCIES:
  - Apollo

SPEC REPOS:
  https://github.com/cocoapods/specs.git:
    - Apollo

SPEC CHECKSUMS:
  Apollo: 38270f8bdc031ac07d4de3ec068a2289d7d287e0

PODFILE CHECKSUM: 422ae35eb01b93a3515430ecc80f215332c40b67

COCOAPODS: 1.5.3
